PODS:
  - cmark (0.21.0)
  - CommonMark (0.0.3):
    - cmark (= 0.21)
  - LiterateSwift (0.0.2):
    - CommonMark (>= 0.0.3)

DEPENDENCIES:
  - CommonMark (= 0.0.3)
  - LiterateSwift

SPEC CHECKSUMS:
  cmark: 0868ab0d93af82a0f3f4b69a313b5d2089af51c3
  CommonMark: a12438ac9b87139edf5ef3084fce9e19049aa109
  LiterateSwift: 184a668c9a185c36a324ffbdbe518da64a99b37b

COCOAPODS: 0.38.0.beta.2
