// !$*UTF8*$!
{
	archiveVersion = 1;
	classes = {
	};
	objectVersion = 46;
	objects = {

/* Begin PBXBuildFile section */
		837DB96C1B0F6AFF007114EC /* LiterateSwiftFramework.h in Headers */ = {isa = PBXBuildFile; fileRef = 837DB96B1B0F6AFF007114EC /* LiterateSwiftFramework.h */; settings = {ATTRIBUTES = (Public, ); }; };
		837DB9721B0F6AFF007114EC /* LiterateSwiftFramework.framework in Frameworks */ = {isa = PBXBuildFile; fileRef = 837DB9661B0F6AFF007114EC /* LiterateSwiftFramework.framework */; };
		837DB9791B0F6AFF007114EC /* LiterateSwiftFrameworkTests.swift in Sources */ = {isa = PBXBuildFile; fileRef = 837DB9781B0F6AFF007114EC /* LiterateSwiftFrameworkTests.swift */; };
		837DB9831B0F6B35007114EC /* LiterateSwift.swift in Sources */ = {isa = PBXBuildFile; fileRef = 837DB9821B0F6B35007114EC /* LiterateSwift.swift */; };
		837DB9871B0F6BC8007114EC /* CommonMark.framework in Frameworks */ = {isa = PBXBuildFile; fileRef = 837DB9861B0F6BC8007114EC /* CommonMark.framework */; };
/* End PBXBuildFile section */

/* Begin PBXContainerItemProxy section */
		837DB9731B0F6AFF007114EC /* PBXContainerItemProxy */ = {
			isa = PBXContainerItemProxy;
			containerPortal = 837DB95D1B0F6AFF007114EC /* Project object */;
			proxyType = 1;
			remoteGlobalIDString = 837DB9651B0F6AFF007114EC;
			remoteInfo = LiterateSwiftFramework;
		};
/* End PBXContainerItemProxy section */

/* Begin PBXFileReference section */
		837DB9661B0F6AFF007114EC /* LiterateSwiftFramework.framework */ = {isa = PBXFileReference; explicitFileType = wrapper.framework; includeInIndex = 0; path = LiterateSwiftFramework.framework; sourceTree = BUILT_PRODUCTS_DIR; };
		837DB96A1B0F6AFF007114EC /* Info.plist */ = {isa = PBXFileReference; lastKnownFileType = text.plist.xml; path = Info.plist; sourceTree = "<group>"; };
		837DB96B1B0F6AFF007114EC /* LiterateSwiftFramework.h */ = {isa = PBXFileReference; lastKnownFileType = sourcecode.c.h; path = LiterateSwiftFramework.h; sourceTree = "<group>"; };
		837DB9711B0F6AFF007114EC /* LiterateSwiftFrameworkTests.xctest */ = {isa = PBXFileReference; explicitFileType = wrapper.cfbundle; includeInIndex = 0; path = LiterateSwiftFrameworkTests.xctest; sourceTree = BUILT_PRODUCTS_DIR; };
		837DB9771B0F6AFF007114EC /* Info.plist */ = {isa = PBXFileReference; lastKnownFileType = text.plist.xml; path = Info.plist; sourceTree = "<group>"; };
		837DB9781B0F6AFF007114EC /* LiterateSwiftFrameworkTests.swift */ = {isa = PBXFileReference; lastKnownFileType = sourcecode.swift; path = LiterateSwiftFrameworkTests.swift; sourceTree = "<group>"; };
		837DB9821B0F6B35007114EC /* LiterateSwift.swift */ = {isa = PBXFileReference; fileEncoding = 4; lastKnownFileType = sourcecode.swift; path = LiterateSwift.swift; sourceTree = "<group>"; };
		837DB9861B0F6BC8007114EC /* CommonMark.framework */ = {isa = PBXFileReference; lastKnownFileType = wrapper.framework; name = CommonMark.framework; path = "../../../Library/Developer/Xcode/DerivedData/LiterateSwift2-gwzqgtijfcmvrtgegjqkoupvzzdp/Build/Products/Debug/CommonMark.framework"; sourceTree = "<group>"; };
/* End PBXFileReference section */

/* Begin PBXFrameworksBuildPhase section */
		837DB9621B0F6AFF007114EC /* Frameworks */ = {
			isa = PBXFrameworksBuildPhase;
			buildActionMask = 2147483647;
			files = (
				837DB9871B0F6BC8007114EC /* CommonMark.framework in Frameworks */,
			);
			runOnlyForDeploymentPostprocessing = 0;
		};
		837DB96E1B0F6AFF007114EC /* Frameworks */ = {
			isa = PBXFrameworksBuildPhase;
			buildActionMask = 2147483647;
			files = (
				837DB9721B0F6AFF007114EC /* LiterateSwiftFramework.framework in Frameworks */,
			);
			runOnlyForDeploymentPostprocessing = 0;
		};
/* End PBXFrameworksBuildPhase section */

/* Begin PBXGroup section */
		837DB95C1B0F6AFF007114EC = {
			isa = PBXGroup;
			children = (
				837DB9861B0F6BC8007114EC /* CommonMark.framework */,
				837DB9681B0F6AFF007114EC /* LiterateSwiftFramework */,
				837DB9751B0F6AFF007114EC /* LiterateSwiftFrameworkTests */,
				837DB9671B0F6AFF007114EC /* Products */,
			);
			sourceTree = "<group>";
		};
		837DB9671B0F6AFF007114EC /* Products */ = {
			isa = PBXGroup;
			children = (
				837DB9661B0F6AFF007114EC /* LiterateSwiftFramework.framework */,
				837DB9711B0F6AFF007114EC /* LiterateSwiftFrameworkTests.xctest */,
			);
			name = Products;
			sourceTree = "<group>";
		};
		837DB9681B0F6AFF007114EC /* LiterateSwiftFramework */ = {
			isa = PBXGroup;
			children = (
				837DB96B1B0F6AFF007114EC /* LiterateSwiftFramework.h */,
				837DB9691B0F6AFF007114EC /* Supporting Files */,
				837DB9821B0F6B35007114EC /* LiterateSwift.swift */,
			);
			path = LiterateSwiftFramework;
			sourceTree = "<group>";
		};
		837DB9691B0F6AFF007114EC /* Supporting Files */ = {
			isa = PBXGroup;
			children = (
				837DB96A1B0F6AFF007114EC /* Info.plist */,
			);
			name = "Supporting Files";
			sourceTree = "<group>";
		};
		837DB9751B0F6AFF007114EC /* LiterateSwiftFrameworkTests */ = {
			isa = PBXGroup;
			children = (
				837DB9781B0F6AFF007114EC /* LiterateSwiftFrameworkTests.swift */,
				837DB9761B0F6AFF007114EC /* Supporting Files */,
			);
			path = LiterateSwiftFrameworkTests;
			sourceTree = "<group>";
		};
		837DB9761B0F6AFF007114EC /* Supporting Files */ = {
			isa = PBXGroup;
			children = (
				837DB9771B0F6AFF007114EC /* Info.plist */,
			);
			name = "Supporting Files";
			sourceTree = "<group>";
		};
/* End PBXGroup section */

/* Begin PBXHeadersBuildPhase section */
		837DB9631B0F6AFF007114EC /* Headers */ = {
			isa = PBXHeadersBuildPhase;
			buildActionMask = 2147483647;
			files = (
				837DB96C1B0F6AFF007114EC /* LiterateSwiftFramework.h in Headers */,
			);
			runOnlyForDeploymentPostprocessing = 0;
		};
/* End PBXHeadersBuildPhase section */

/* Begin PBXNativeTarget section */
		837DB9651B0F6AFF007114EC /* LiterateSwiftFramework */ = {
			isa = PBXNativeTarget;
			buildConfigurationList = 837DB97C1B0F6AFF007114EC /* Build configuration list for PBXNativeTarget "LiterateSwiftFramework" */;
			buildPhases = (
				837DB9611B0F6AFF007114EC /* Sources */,
				837DB9621B0F6AFF007114EC /* Frameworks */,
				837DB9631B0F6AFF007114EC /* Headers */,
				837DB9641B0F6AFF007114EC /* Resources */,
			);
			buildRules = (
			);
			dependencies = (
			);
			name = LiterateSwiftFramework;
			productName = LiterateSwiftFramework;
			productReference = 837DB9661B0F6AFF007114EC /* LiterateSwiftFramework.framework */;
			productType = "com.apple.product-type.framework";
		};
		837DB9701B0F6AFF007114EC /* LiterateSwiftFrameworkTests */ = {
			isa = PBXNativeTarget;
			buildConfigurationList = 837DB97F1B0F6AFF007114EC /* Build configuration list for PBXNativeTarget "LiterateSwiftFrameworkTests" */;
			buildPhases = (
				837DB96D1B0F6AFF007114EC /* Sources */,
				837DB96E1B0F6AFF007114EC /* Frameworks */,
				837DB96F1B0F6AFF007114EC /* Resources */,
			);
			buildRules = (
			);
			dependencies = (
				837DB9741B0F6AFF007114EC /* PBXTargetDependency */,
			);
			name = LiterateSwiftFrameworkTests;
			productName = LiterateSwiftFrameworkTests;
			productReference = 837DB9711B0F6AFF007114EC /* LiterateSwiftFrameworkTests.xctest */;
			productType = "com.apple.product-type.bundle.unit-test";
		};
/* End PBXNativeTarget section */

/* Begin PBXProject section */
		837DB95D1B0F6AFF007114EC /* Project object */ = {
			isa = PBXProject;
			attributes = {
				LastUpgradeCheck = 0630;
				ORGANIZATIONNAME = objc.io;
				TargetAttributes = {
					837DB9651B0F6AFF007114EC = {
						CreatedOnToolsVersion = 6.3.1;
					};
					837DB9701B0F6AFF007114EC = {
						CreatedOnToolsVersion = 6.3.1;
					};
				};
			};
			buildConfigurationList = 837DB9601B0F6AFF007114EC /* Build configuration list for PBXProject "LiterateSwiftFramework" */;
			compatibilityVersion = "Xcode 3.2";
			developmentRegion = English;
			hasScannedForEncodings = 0;
			knownRegions = (
				en,
			);
			mainGroup = 837DB95C1B0F6AFF007114EC;
			productRefGroup = 837DB9671B0F6AFF007114EC /* Products */;
			projectDirPath = "";
			projectRoot = "";
			targets = (
				837DB9651B0F6AFF007114EC /* LiterateSwiftFramework */,
				837DB9701B0F6AFF007114EC /* LiterateSwiftFrameworkTests */,
			);
		};
/* End PBXProject section */

/* Begin PBXResourcesBuildPhase section */
		837DB9641B0F6AFF007114EC /* Resources */ = {
			isa = PBXResourcesBuildPhase;
			buildActionMask = 2147483647;
			files = (
			);
			runOnlyForDeploymentPostprocessing = 0;
		};
		837DB96F1B0F6AFF007114EC /* Resources */ = {
			isa = PBXResourcesBuildPhase;
			buildActionMask = 2147483647;
			files = (
			);
			runOnlyForDeploymentPostprocessing = 0;
		};
/* End PBXResourcesBuildPhase section */

/* Begin PBXSourcesBuildPhase section */
		837DB9611B0F6AFF007114EC /* Sources */ = {
			isa = PBXSourcesBuildPhase;
			buildActionMask = 2147483647;
			files = (
				837DB9831B0F6B35007114EC /* LiterateSwift.swift in Sources */,
			);
			runOnlyForDeploymentPostprocessing = 0;
		};
		837DB96D1B0F6AFF007114EC /* Sources */ = {
			isa = PBXSourcesBuildPhase;
			buildActionMask = 2147483647;
			files = (
				837DB9791B0F6AFF007114EC /* LiterateSwiftFrameworkTests.swift in Sources */,
			);
			runOnlyForDeploymentPostprocessing = 0;
		};
/* End PBXSourcesBuildPhase section */

/* Begin PBXTargetDependency section */
		837DB9741B0F6AFF007114EC /* PBXTargetDependency */ = {
			isa = PBXTargetDependency;
			target = 837DB9651B0F6AFF007114EC /* LiterateSwiftFramework */;
			targetProxy = 837DB9731B0F6AFF007114EC /* PBXContainerItemProxy */;
		};
/* End PBXTargetDependency section */

/* Begin XCBuildConfiguration section */
		837DB97A1B0F6AFF007114EC /* Debug */ = {
			isa = XCBuildConfiguration;
			buildSettings = {
				ALWAYS_SEARCH_USER_PATHS = NO;
				CLANG_CXX_LANGUAGE_STANDARD = "gnu++0x";
				CLANG_CXX_LIBRARY = "libc++";
				CLANG_ENABLE_MODULES = YES;
				CLANG_ENABLE_OBJC_ARC = YES;
				CLANG_WARN_BOOL_CONVERSION = YES;
				CLANG_WARN_CONSTANT_CONVERSION = YES;
				CLANG_WARN_DIRECT_OBJC_ISA_USAGE = YES_ERROR;
				CLANG_WARN_EMPTY_BODY = YES;
				CLANG_WARN_ENUM_CONVERSION = YES;
				CLANG_WARN_INT_CONVERSION = YES;
				CLANG_WARN_OBJC_ROOT_CLASS = YES_ERROR;
				CLANG_WARN_UNREACHABLE_CODE = YES;
				CLANG_WARN__DUPLICATE_METHOD_MATCH = YES;
				COPY_PHASE_STRIP = NO;
				CURRENT_PROJECT_VERSION = 1;
				DEBUG_INFORMATION_FORMAT = dwarf;
				ENABLE_STRICT_OBJC_MSGSEND = YES;
				GCC_C_LANGUAGE_STANDARD = gnu99;
				GCC_DYNAMIC_NO_PIC = NO;
				GCC_NO_COMMON_BLOCKS = YES;
				GCC_OPTIMIZATION_LEVEL = 0;
				GCC_PREPROCESSOR_DEFINITIONS = (
					"DEBUG=1",
					"$(inherited)",
				);
				GCC_SYMBOLS_PRIVATE_EXTERN = NO;
				GCC_WARN_64_TO_32_BIT_CONVERSION = YES;
				GCC_WARN_ABOUT_RETURN_TYPE = YES_ERROR;
				GCC_WARN_UNDECLARED_SELECTOR = YES;
				GCC_WARN_UNINITIALIZED_AUTOS = YES_AGGRESSIVE;
				GCC_WARN_UNUSED_FUNCTION = YES;
				GCC_WARN_UNUSED_VARIABLE = YES;
				MACOSX_DEPLOYMENT_TARGET = 10.10;
				MTL_ENABLE_DEBUG_INFO = YES;
				ONLY_ACTIVE_ARCH = YES;
				SDKROOT = macosx;
				SWIFT_OPTIMIZATION_LEVEL = "-Onone";
				VERSIONING_SYSTEM = "apple-generic";
				VERSION_INFO_PREFIX = "";
			};
			name = Debug;
		};
		837DB97B1B0F6AFF007114EC /* Release */ = {
			isa = XCBuildConfiguration;
			buildSettings = {
				ALWAYS_SEARCH_USER_PATHS = NO;
				CLANG_CXX_LANGUAGE_STANDARD = "gnu++0x";
				CLANG_CXX_LIBRARY = "libc++";
				CLANG_ENABLE_MODULES = YES;
				CLANG_ENABLE_OBJC_ARC = YES;
				CLANG_WARN_BOOL_CONVERSION = YES;
				CLANG_WARN_CONSTANT_CONVERSION = YES;
				CLANG_WARN_DIRECT_OBJC_ISA_USAGE = YES_ERROR;
				CLANG_WARN_EMPTY_BODY = YES;
				CLANG_WARN_ENUM_CONVERSION = YES;
				CLANG_WARN_INT_CONVERSION = YES;
				CLANG_WARN_OBJC_ROOT_CLASS = YES_ERROR;
				CLANG_WARN_UNREACHABLE_CODE = YES;
				CLANG_WARN__DUPLICATE_METHOD_MATCH = YES;
				COPY_PHASE_STRIP = NO;
				CURRENT_PROJECT_VERSION = 1;
				DEBUG_INFORMATION_FORMAT = "dwarf-with-dsym";
				ENABLE_NS_ASSERTIONS = NO;
				ENABLE_STRICT_OBJC_MSGSEND = YES;
				GCC_C_LANGUAGE_STANDARD = gnu99;
				GCC_NO_COMMON_BLOCKS = YES;
				GCC_WARN_64_TO_32_BIT_CONVERSION = YES;
				GCC_WARN_ABOUT_RETURN_TYPE = YES_ERROR;
				GCC_WARN_UNDECLARED_SELECTOR = YES;
				GCC_WARN_UNINITIALIZED_AUTOS = YES_AGGRESSIVE;
				GCC_WARN_UNUSED_FUNCTION = YES;
				GCC_WARN_UNUSED_VARIABLE = YES;
				MACOSX_DEPLOYMENT_TARGET = 10.10;
				MTL_ENABLE_DEBUG_INFO = NO;
				SDKROOT = macosx;
				VERSIONING_SYSTEM = "apple-generic";
				VERSION_INFO_PREFIX = "";
			};
			name = Release;
		};
		837DB97D1B0F6AFF007114EC /* Debug */ = {
			isa = XCBuildConfiguration;
			buildSettings = {
				CLANG_ENABLE_MODULES = YES;
				COMBINE_HIDPI_IMAGES = YES;
				DEFINES_MODULE = YES;
				DYLIB_COMPATIBILITY_VERSION = 1;
				DYLIB_CURRENT_VERSION = 1;
				DYLIB_INSTALL_NAME_BASE = "@rpath";
				FRAMEWORK_SEARCH_PATHS = (
					"$(inherited)",
					"$(USER_LIBRARY_DIR)/Developer/Xcode/DerivedData/LiterateSwift2-gwzqgtijfcmvrtgegjqkoupvzzdp/Build/Products/Debug",
				);
				FRAMEWORK_VERSION = A;
				INFOPLIST_FILE = LiterateSwiftFramework/Info.plist;
				INSTALL_PATH = "$(LOCAL_LIBRARY_DIR)/Frameworks";
				LD_RUNPATH_SEARCH_PATHS = "$(inherited) @executable_path/../Frameworks @loader_path/Frameworks";
				PRODUCT_NAME = "$(TARGET_NAME)";
				SKIP_INSTALL = YES;
				SWIFT_OPTIMIZATION_LEVEL = "-Onone";
			};
			name = Debug;
		};
		837DB97E1B0F6AFF007114EC /* Release */ = {
			isa = XCBuildConfiguration;
			buildSettings = {
				CLANG_ENABLE_MODULES = YES;
				COMBINE_HIDPI_IMAGES = YES;
				DEFINES_MODULE = YES;
				DYLIB_COMPATIBILITY_VERSION = 1;
				DYLIB_CURRENT_VERSION = 1;
				DYLIB_INSTALL_NAME_BASE = "@rpath";
				FRAMEWORK_SEARCH_PATHS = (
					"$(inherited)",
					"$(USER_LIBRARY_DIR)/Developer/Xcode/DerivedData/LiterateSwift2-gwzqgtijfcmvrtgegjqkoupvzzdp/Build/Products/Debug",
				);
				FRAMEWORK_VERSION = A;
				INFOPLIST_FILE = LiterateSwiftFramework/Info.plist;
				INSTALL_PATH = "$(LOCAL_LIBRARY_DIR)/Frameworks";
				LD_RUNPATH_SEARCH_PATHS = "$(inherited) @executable_path/../Frameworks @loader_path/Frameworks";
				PRODUCT_NAME = "$(TARGET_NAME)";
				SKIP_INSTALL = YES;
			};
			name = Release;
		};
		837DB9801B0F6AFF007114EC /* Debug */ = {
			isa = XCBuildConfiguration;
			buildSettings = {
				COMBINE_HIDPI_IMAGES = YES;
				FRAMEWORK_SEARCH_PATHS = (
					"$(DEVELOPER_FRAMEWORKS_DIR)",
					"$(inherited)",
				);
				GCC_PREPROCESSOR_DEFINITIONS = (
					"DEBUG=1",
					"$(inherited)",
				);
				INFOPLIST_FILE = LiterateSwiftFrameworkTests/Info.plist;
				LD_RUNPATH_SEARCH_PATHS = "$(inherited) @executable_path/../Frameworks @loader_path/../Frameworks";
				PRODUCT_NAME = "$(TARGET_NAME)";
			};
			name = Debug;
		};
		837DB9811B0F6AFF007114EC /* Release */ = {
			isa = XCBuildConfiguration;
			buildSettings = {
				COMBINE_HIDPI_IMAGES = YES;
				FRAMEWORK_SEARCH_PATHS = (
					"$(DEVELOPER_FRAMEWORKS_DIR)",
					"$(inherited)",
				);
				INFOPLIST_FILE = LiterateSwiftFrameworkTests/Info.plist;
				LD_RUNPATH_SEARCH_PATHS = "$(inherited) @executable_path/../Frameworks @loader_path/../Frameworks";
				PRODUCT_NAME = "$(TARGET_NAME)";
			};
			name = Release;
		};
/* End XCBuildConfiguration section */

/* Begin XCConfigurationList section */
		837DB9601B0F6AFF007114EC /* Build configuration list for PBXProject "LiterateSwiftFramework" */ = {
			isa = XCConfigurationList;
			buildConfigurations = (
				837DB97A1B0F6AFF007114EC /* Debug */,
				837DB97B1B0F6AFF007114EC /* Release */,
			);
			defaultConfigurationIsVisible = 0;
			defaultConfigurationName = Release;
		};
		837DB97C1B0F6AFF007114EC /* Build configuration list for PBXNativeTarget "LiterateSwiftFramework" */ = {
			isa = XCConfigurationList;
			buildConfigurations = (
				837DB97D1B0F6AFF007114EC /* Debug */,
				837DB97E1B0F6AFF007114EC /* Release */,
			);
			defaultConfigurationIsVisible = 0;
			defaultConfigurationName = Release;
		};
		837DB97F1B0F6AFF007114EC /* Build configuration list for PBXNativeTarget "LiterateSwiftFrameworkTests" */ = {
			isa = XCConfigurationList;
			buildConfigurations = (
				837DB9801B0F6AFF007114EC /* Debug */,
				837DB9811B0F6AFF007114EC /* Release */,
			);
			defaultConfigurationIsVisible = 0;
			defaultConfigurationName = Release;
		};
/* End XCConfigurationList section */
	};
	rootObject = 837DB95D1B0F6AFF007114EC /* Project object */;
}
